
Microsoft Visual Studio Solution File, Format Version 12.00
# Visual Studio Version 17
VisualStudioVersion = 17.14.37628.2 d17.14
MinimumVisualStudioVersion = 10.0.40219.1
Project("{FAE04EC0-301F-11D3-BF4B-00C04F79EFBC}") = "Tural", "Tural\Tural.csproj", "{3CCC0C28-E2BB-465D-8FE5-9B39A977342C}"
EndProject
Global
	GlobalSection(SolutionConfigurationPlatforms) = preSolution
		Debug|Any CPU = Debug|Any CPU
		Release|Any CPU = Release|Any CPU
	EndGlobalSection
	GlobalSection(ProjectConfigurationPlatforms) = postSolution
		{3CCC0C28-E2BB-465D-8FE5-9B39A977342C}.Debug|Any CPU.ActiveCfg = Debug|Any CPU
		{3CCC0C28-E2BB-465D-8FE5-9B39A977342C}.Debug|Any CPU.Build.0 = Debug|Any CPU
		{3CCC0C28-E2BB-465D-8FE5-9B39A977342C}.Release|Any CPU.ActiveCfg = Release|Any CPU
		{3CCC0C28-E2BB-465D-8FE5-9B39A977342C}.Release|Any CPU.Build.0 = Release|Any CPU
	EndGlobalSection
	GlobalSection(SolutionProperties) = preSolution
		HideSolutionNode = FALSE
	EndGlobalSection
	GlobalSection(ExtensibilityGlobals) = postSolution
		SolutionGuid = {534C7F9C-3563-4A0E-8784-CD48F8E7E29F}
	EndGlobalSection
EndGlobal
